<?xml version="1.0" encoding="UTF-8"?>
<CodeBlocks_project_file>
	<FileVersion major="1" minor="6"/>
	<Project>
		<Option title="OOIO"/>
		<Option makefile_is_custom="1"/>
		<Option compiler="gcc"/>
		<Option virtualFolders="CMake Files\;CMake Files\OOlib\;CMake Files\HeaderGenerator\;CMake Files\Engine\;"/>
		<Build>
			<Target title="all">
				<Option working_dir="/Users/fgm/Projects/LandO/OOlib"/>
				<Option type="4"/>
				<MakeCommands>
					<Build command="/usr/bin/make -j4 -f &quot;/Users/fgm/Projects/LandO/OOlib/Makefile&quot;  VERBOSE=1 all"/>
					<CompileFile command="/usr/bin/make -j4 -f &quot;/Users/fgm/Projects/LandO/OOlib/Makefile&quot;  VERBOSE=1 &quot;$file&quot;"/>
					<Clean command="/usr/bin/make -j4 -f &quot;/Users/fgm/Projects/LandO/OOlib/Makefile&quot;  VERBOSE=1 clean"/>
					<DistClean command="/usr/bin/make -j4 -f &quot;/Users/fgm/Projects/LandO/OOlib/Makefile&quot;  VERBOSE=1 clean"/>
				</MakeCommands>
			</Target>
			<Target title="ooio">
				<Option output="/Users/fgm/Projects/LandO/OOlib/libooio.a" prefix_auto="0" extension_auto="0"/>
				<Option working_dir="/Users/fgm/Projects/LandO/OOlib"/>
				<Option object_output="./"/>
				<Option type="2"/>
				<Option compiler="gcc"/>
				<Compiler>
					<Add directory="/Users/fgm/Projects/LandO/OOlib/../Headers"/>
					<Add directory="/Users/fgm/Projects/LandO/OOlib/Headers"/>
					<Add directory="/usr/local/include"/>
					<Add directory="/Applications/Xcode.app/Contents/Developer/Toolchains/XcodeDefault.xctoolchain/usr/bin/../lib/clang/8.0.0/include"/>
					<Add directory="/Applications/Xcode.app/Contents/Developer/Toolchains/XcodeDefault.xctoolchain/usr/include"/>
					<Add directory="/usr/include"/>
					<Add directory="/System/Library/Frameworks"/>
					<Add directory="/Library/Frameworks"/>
					<Add directory="/Applications/Xcode.app/Contents/Developer/Toolchains/XcodeDefault.xctoolchain/usr/bin/../include/c++/v1"/>
				</Compiler>
				<MakeCommands>
					<Build command="/usr/bin/make -j4 -f &quot;/Users/fgm/Projects/LandO/OOlib/Makefile&quot;  VERBOSE=1 ooio"/>
					<CompileFile command="/usr/bin/make -j4 -f &quot;/Users/fgm/Projects/LandO/OOlib/Makefile&quot;  VERBOSE=1 &quot;$file&quot;"/>
					<Clean command="/usr/bin/make -j4 -f &quot;/Users/fgm/Projects/LandO/OOlib/Makefile&quot;  VERBOSE=1 clean"/>
					<DistClean command="/usr/bin/make -j4 -f &quot;/Users/fgm/Projects/LandO/OOlib/Makefile&quot;  VERBOSE=1 clean"/>
				</MakeCommands>
			</Target>
			<Target title="ooio/fast">
				<Option output="/Users/fgm/Projects/LandO/OOlib/libooio.a" prefix_auto="0" extension_auto="0"/>
				<Option working_dir="/Users/fgm/Projects/LandO/OOlib"/>
				<Option object_output="./"/>
				<Option type="2"/>
				<Option compiler="gcc"/>
				<Compiler>
					<Add directory="/Users/fgm/Projects/LandO/OOlib/../Headers"/>
					<Add directory="/Users/fgm/Projects/LandO/OOlib/Headers"/>
					<Add directory="/usr/local/include"/>
					<Add directory="/Applications/Xcode.app/Contents/Developer/Toolchains/XcodeDefault.xctoolchain/usr/bin/../lib/clang/8.0.0/include"/>
					<Add directory="/Applications/Xcode.app/Contents/Developer/Toolchains/XcodeDefault.xctoolchain/usr/include"/>
					<Add directory="/usr/include"/>
					<Add directory="/System/Library/Frameworks"/>
					<Add directory="/Library/Frameworks"/>
					<Add directory="/Applications/Xcode.app/Contents/Developer/Toolchains/XcodeDefault.xctoolchain/usr/bin/../include/c++/v1"/>
				</Compiler>
				<MakeCommands>
					<Build command="/usr/bin/make -j4 -f &quot;/Users/fgm/Projects/LandO/OOlib/Makefile&quot;  VERBOSE=1 ooio/fast"/>
					<CompileFile command="/usr/bin/make -j4 -f &quot;/Users/fgm/Projects/LandO/OOlib/Makefile&quot;  VERBOSE=1 &quot;$file&quot;"/>
					<Clean command="/usr/bin/make -j4 -f &quot;/Users/fgm/Projects/LandO/OOlib/Makefile&quot;  VERBOSE=1 clean"/>
					<DistClean command="/usr/bin/make -j4 -f &quot;/Users/fgm/Projects/LandO/OOlib/Makefile&quot;  VERBOSE=1 clean"/>
				</MakeCommands>
			</Target>
		</Build>
		<Unit filename="/Users/fgm/Projects/LandO/OOlib/Headers/base64.h">
			<Option target="ooio"/>
		</Unit>
		<Unit filename="/Users/fgm/Projects/LandO/OOlib/Headers/file.h">
			<Option target="ooio"/>
		</Unit>
		<Unit filename="/Users/fgm/Projects/LandO/OOlib/Headers/fileP.h">
			<Option target="ooio"/>
		</Unit>
		<Unit filename="/Users/fgm/Projects/LandO/OOlib/Headers/formio.h">
			<Option target="ooio"/>
		</Unit>
		<Unit filename="/Users/fgm/Projects/LandO/OOlib/Headers/formioP.h">
			<Option target="ooio"/>
		</Unit>
		<Unit filename="/Users/fgm/Projects/LandO/OOlib/Headers/hashTable.h">
			<Option target="ooio"/>
		</Unit>
		<Unit filename="/Users/fgm/Projects/LandO/OOlib/Headers/hosts.h">
			<Option target="ooio"/>
		</Unit>
		<Unit filename="/Users/fgm/Projects/LandO/OOlib/Headers/hostsP.h">
			<Option target="ooio"/>
		</Unit>
		<Unit filename="/Users/fgm/Projects/LandO/OOlib/Headers/integer.h">
			<Option target="ooio"/>
		</Unit>
		<Unit filename="/Users/fgm/Projects/LandO/OOlib/Headers/io.h">
			<Option target="ooio"/>
		</Unit>
		<Unit filename="/Users/fgm/Projects/LandO/OOlib/Headers/ioP.h">
			<Option target="ooio"/>
		</Unit>
		<Unit filename="/Users/fgm/Projects/LandO/OOlib/Headers/ioTcp.h">
			<Option target="ooio"/>
		</Unit>
		<Unit filename="/Users/fgm/Projects/LandO/OOlib/Headers/iosockP.h">
			<Option target="ooio"/>
		</Unit>
		<Unit filename="/Users/fgm/Projects/LandO/OOlib/Headers/iterate.h">
			<Option target="ooio"/>
		</Unit>
		<Unit filename="/Users/fgm/Projects/LandO/OOlib/Headers/ixTree.h">
			<Option target="ooio"/>
		</Unit>
		<Unit filename="/Users/fgm/Projects/LandO/OOlib/Headers/ixTreeP.h">
			<Option target="ooio"/>
		</Unit>
		<Unit filename="/Users/fgm/Projects/LandO/OOlib/Headers/jsonEvent.h">
			<Option target="ooio"/>
		</Unit>
		<Unit filename="/Users/fgm/Projects/LandO/OOlib/Headers/lists.h">
			<Option target="ooio"/>
		</Unit>
		<Unit filename="/Users/fgm/Projects/LandO/OOlib/Headers/listsP.h">
			<Option target="ooio"/>
		</Unit>
		<Unit filename="/Users/fgm/Projects/LandO/OOlib/Headers/lockable.h">
			<Option target="ooio"/>
		</Unit>
		<Unit filename="/Users/fgm/Projects/LandO/OOlib/Headers/lockableP.h">
			<Option target="ooio"/>
		</Unit>
		<Unit filename="/Users/fgm/Projects/LandO/OOlib/Headers/logical.h">
			<Option target="ooio"/>
		</Unit>
		<Unit filename="/Users/fgm/Projects/LandO/OOlib/Headers/managed.h">
			<Option target="ooio"/>
		</Unit>
		<Unit filename="/Users/fgm/Projects/LandO/OOlib/Headers/managedP.h">
			<Option target="ooio"/>
		</Unit>
		<Unit filename="/Users/fgm/Projects/LandO/OOlib/Headers/object.h">
			<Option target="ooio"/>
		</Unit>
		<Unit filename="/Users/fgm/Projects/LandO/OOlib/Headers/objectP.h">
			<Option target="ooio"/>
		</Unit>
		<Unit filename="/Users/fgm/Projects/LandO/OOlib/Headers/pipe.h">
			<Option target="ooio"/>
		</Unit>
		<Unit filename="/Users/fgm/Projects/LandO/OOlib/Headers/pipeP.h">
			<Option target="ooio"/>
		</Unit>
		<Unit filename="/Users/fgm/Projects/LandO/OOlib/Headers/pool.h">
			<Option target="ooio"/>
		</Unit>
		<Unit filename="/Users/fgm/Projects/LandO/OOlib/Headers/retcode.h">
			<Option target="ooio"/>
		</Unit>
		<Unit filename="/Users/fgm/Projects/LandO/OOlib/Headers/stringBuffer.h">
			<Option target="ooio"/>
		</Unit>
		<Unit filename="/Users/fgm/Projects/LandO/OOlib/Headers/stringBufferP.h">
			<Option target="ooio"/>
		</Unit>
		<Unit filename="/Users/fgm/Projects/LandO/OOlib/Headers/timer.h">
			<Option target="ooio"/>
		</Unit>
		<Unit filename="/Users/fgm/Projects/LandO/OOlib/Headers/unicode.h">
			<Option target="ooio"/>
		</Unit>
		<Unit filename="/Users/fgm/Projects/LandO/OOlib/Headers/unicodeP.h">
			<Option target="ooio"/>
		</Unit>
		<Unit filename="/Users/fgm/Projects/LandO/OOlib/Headers/uri.h">
			<Option target="ooio"/>
		</Unit>
		<Unit filename="/Users/fgm/Projects/LandO/OOlib/Headers/utils.h">
			<Option target="ooio"/>
		</Unit>
		<Unit filename="/Users/fgm/Projects/LandO/OOlib/base64.c">
			<Option target="ooio"/>
		</Unit>
		<Unit filename="/Users/fgm/Projects/LandO/OOlib/class.c">
			<Option target="ooio"/>
		</Unit>
		<Unit filename="/Users/fgm/Projects/LandO/OOlib/file.c">
			<Option target="ooio"/>
		</Unit>
		<Unit filename="/Users/fgm/Projects/LandO/OOlib/files.c">
			<Option target="ooio"/>
		</Unit>
		<Unit filename="/Users/fgm/Projects/LandO/OOlib/formin.c">
			<Option target="ooio"/>
		</Unit>
		<Unit filename="/Users/fgm/Projects/LandO/OOlib/formout.c">
			<Option target="ooio"/>
		</Unit>
		<Unit filename="/Users/fgm/Projects/LandO/OOlib/hashTable.c">
			<Option target="ooio"/>
		</Unit>
		<Unit filename="/Users/fgm/Projects/LandO/OOlib/hosts.c">
			<Option target="ooio"/>
		</Unit>
		<Unit filename="/Users/fgm/Projects/LandO/OOlib/io.c">
			<Option target="ooio"/>
		</Unit>
		<Unit filename="/Users/fgm/Projects/LandO/OOlib/ixTree.c">
			<Option target="ooio"/>
		</Unit>
		<Unit filename="/Users/fgm/Projects/LandO/OOlib/lists.c">
			<Option target="ooio"/>
		</Unit>
		<Unit filename="/Users/fgm/Projects/LandO/OOlib/locked.c">
			<Option target="ooio"/>
		</Unit>
		<Unit filename="/Users/fgm/Projects/LandO/OOlib/managed.c">
			<Option target="ooio"/>
		</Unit>
		<Unit filename="/Users/fgm/Projects/LandO/OOlib/object.c">
			<Option target="ooio"/>
		</Unit>
		<Unit filename="/Users/fgm/Projects/LandO/OOlib/pair.c">
			<Option target="ooio"/>
		</Unit>
		<Unit filename="/Users/fgm/Projects/LandO/OOlib/parseuri.c">
			<Option target="ooio"/>
		</Unit>
		<Unit filename="/Users/fgm/Projects/LandO/OOlib/pipe.c">
			<Option target="ooio"/>
		</Unit>
		<Unit filename="/Users/fgm/Projects/LandO/OOlib/pool.c">
			<Option target="ooio"/>
		</Unit>
		<Unit filename="/Users/fgm/Projects/LandO/OOlib/sockets.c">
			<Option target="ooio"/>
		</Unit>
		<Unit filename="/Users/fgm/Projects/LandO/OOlib/stringBuffer.c">
			<Option target="ooio"/>
		</Unit>
		<Unit filename="/Users/fgm/Projects/LandO/OOlib/strio.c">
			<Option target="ooio"/>
		</Unit>
		<Unit filename="/Users/fgm/Projects/LandO/OOlib/timer.c">
			<Option target="ooio"/>
		</Unit>
		<Unit filename="/Users/fgm/Projects/LandO/OOlib/unichar.c">
			<Option target="ooio"/>
		</Unit>
		<Unit filename="/Users/fgm/Projects/LandO/OOlib/unicode.c">
			<Option target="ooio"/>
		</Unit>
		<Unit filename="/Users/fgm/Projects/LandO/OOlib/unitable.c">
			<Option target="ooio"/>
		</Unit>
		<Unit filename="/Users/fgm/Projects/LandO/OOlib/uri.c">
			<Option target="ooio"/>
		</Unit>
		<Unit filename="/Users/fgm/Projects/LandO/OOlib/utils.c">
			<Option target="ooio"/>
		</Unit>
		<Unit filename="/Users/fgm/Projects/LandO/CMakeLists.txt">
			<Option virtualFolder="CMake Files\"/>
		</Unit>
		<Unit filename="/Users/fgm/Projects/LandO/OOlib/CMakeLists.txt">
			<Option virtualFolder="CMake Files\OOlib\"/>
		</Unit>
		<Unit filename="/Users/fgm/Projects/LandO/OOlib/CMakeLists.txt">
			<Option virtualFolder="CMake Files\OOlib\"/>
		</Unit>
		<Unit filename="/Users/fgm/Projects/LandO/HeaderGenerator/CMakeLists.txt">
			<Option virtualFolder="CMake Files\HeaderGenerator\"/>
		</Unit>
		<Unit filename="/Users/fgm/Projects/LandO/HeaderGenerator/CMakeLists.txt">
			<Option virtualFolder="CMake Files\HeaderGenerator\"/>
		</Unit>
		<Unit filename="/Users/fgm/Projects/LandO/Engine/CMakeLists.txt">
			<Option virtualFolder="CMake Files\Engine\"/>
		</Unit>
		<Unit filename="/Users/fgm/Projects/LandO/Engine/CMakeLists.txt">
			<Option virtualFolder="CMake Files\Engine\"/>
		</Unit>
	</Project>
</CodeBlocks_project_file>
